
Microsoft Visual Studio Solution File, Format Version 12.00
# Visual Studio 15
VisualStudioVersion = 15.0.27703.2026
MinimumVisualStudioVersion = 10.0.40219.1
Project("{8BC9CEB8-8B4A-11D0-8D11-00A0C91BC942}") = "WebRadiant", "MSVC.vcxproj", "{BC812680-E81E-47D0-9667-EB4DCCE0D792}"
EndProject
Project("{8BC9CEB8-8B4A-11D0-8D11-00A0C91BC942}") = "shaders", "shaders\shaders.vcxproj", "{DCDEBA58-8FEC-4321-956A-D5F431C798AF}"
EndProject
Project("{8BC9CEB8-8B4A-11D0-8D11-00A0C91BC942}") = "archivepak", "archivepak\archivepak.vcxproj", "{7C2F3842-E1FB-4688-9F2F-E4F25C10D748}"
EndProject
Project("{8BC9CEB8-8B4A-11D0-8D11-00A0C91BC942}") = "archivewad", "archivewad\archivewad.vcxproj", "{9BC92D14-A194-4E17-92B5-A9693AFAAE97}"
EndProject
Project("{8BC9CEB8-8B4A-11D0-8D11-00A0C91BC942}") = "archivezip", "archivezip\archivezip.vcxproj", "{441F18F1-7002-410B-9A65-1AB20DEE4E20}"
EndProject
Project("{8BC9CEB8-8B4A-11D0-8D11-00A0C91BC942}") = "entity", "entity\entity.vcxproj", "{095E58AA-5586-470A-B190-752C16C46007}"
EndProject
Project("{8BC9CEB8-8B4A-11D0-8D11-00A0C91BC942}") = "image", "image\image.vcxproj", "{0E3F2DAD-B8DB-4B33-99BE-F4F90B4CBFC6}"
EndProject
Project("{8BC9CEB8-8B4A-11D0-8D11-00A0C91BC942}") = "imagehl", "imagehl\imagehl.vcxproj", "{4327686E-ED9F-4AC7-87A3-74FFBAF9D498}"
EndProject
Project("{8BC9CEB8-8B4A-11D0-8D11-00A0C91BC942}") = "imagepng", "imagepng\imagepng.vcxproj", "{958B143E-E4A8-4A37-90CF-AAFD2183F486}"
EndProject
Project("{8BC9CEB8-8B4A-11D0-8D11-00A0C91BC942}") = "imageq2", "imageq2\imageq2.vcxproj", "{8FBAFA2F-9C83-49CA-8ED6-FE961B6A66C3}"
EndProject
Project("{8BC9CEB8-8B4A-11D0-8D11-00A0C91BC942}") = "mapq3", "mapq3\mapq3.vcxproj", "{B022E9BE-5847-4C42-B577-176C5AA6D9F0}"
EndProject
Project("{8BC9CEB8-8B4A-11D0-8D11-00A0C91BC942}") = "mapxml", "mapxml\mapxml.vcxproj", "{28957290-5DFC-4742-BA4E-675C14D475CC}"
EndProject
Project("{8BC9CEB8-8B4A-11D0-8D11-00A0C91BC942}") = "md3model", "md3model\md3model.vcxproj", "{ADD82584-A339-443A-B283-B2D4F1C45DA2}"
EndProject
Project("{8BC9CEB8-8B4A-11D0-8D11-00A0C91BC942}") = "model", "model\model.vcxproj", "{A8D0A15C-1A8B-42C7-BDAC-111619091B79}"
EndProject
Project("{8BC9CEB8-8B4A-11D0-8D11-00A0C91BC942}") = "vfspk3", "vfspk3\vfspk3.vcxproj", "{7D3130E6-575E-4BBF-B2E4-0173AE4FD4E4}"
EndProject
Global
	GlobalSection(SolutionConfigurationPlatforms) = preSolution
		Debug|x64 = Debug|x64
		Debug|x86 = Debug|x86
		Release|x64 = Release|x64
		Release|x86 = Release|x86
	EndGlobalSection
	GlobalSection(ProjectConfigurationPlatforms) = postSolution
		{BC812680-E81E-47D0-9667-EB4DCCE0D792}.Debug|x64.ActiveCfg = Debug|x64
		{BC812680-E81E-47D0-9667-EB4DCCE0D792}.Debug|x64.Build.0 = Debug|x64
		{BC812680-E81E-47D0-9667-EB4DCCE0D792}.Debug|x86.ActiveCfg = Debug|Win32
		{BC812680-E81E-47D0-9667-EB4DCCE0D792}.Debug|x86.Build.0 = Debug|Win32
		{BC812680-E81E-47D0-9667-EB4DCCE0D792}.Release|x64.ActiveCfg = Release|x64
		{BC812680-E81E-47D0-9667-EB4DCCE0D792}.Release|x64.Build.0 = Release|x64
		{BC812680-E81E-47D0-9667-EB4DCCE0D792}.Release|x86.ActiveCfg = Release|Win32
		{BC812680-E81E-47D0-9667-EB4DCCE0D792}.Release|x86.Build.0 = Release|Win32
		{DCDEBA58-8FEC-4321-956A-D5F431C798AF}.Debug|x64.ActiveCfg = Debug|x64
		{DCDEBA58-8FEC-4321-956A-D5F431C798AF}.Debug|x64.Build.0 = Debug|x64
		{DCDEBA58-8FEC-4321-956A-D5F431C798AF}.Debug|x86.ActiveCfg = Debug|Win32
		{DCDEBA58-8FEC-4321-956A-D5F431C798AF}.Debug|x86.Build.0 = Debug|Win32
		{DCDEBA58-8FEC-4321-956A-D5F431C798AF}.Release|x64.ActiveCfg = Release|x64
		{DCDEBA58-8FEC-4321-956A-D5F431C798AF}.Release|x64.Build.0 = Release|x64
		{DCDEBA58-8FEC-4321-956A-D5F431C798AF}.Release|x86.ActiveCfg = Release|Win32
		{DCDEBA58-8FEC-4321-956A-D5F431C798AF}.Release|x86.Build.0 = Release|Win32
		{7C2F3842-E1FB-4688-9F2F-E4F25C10D748}.Debug|x64.ActiveCfg = Debug|x64
		{7C2F3842-E1FB-4688-9F2F-E4F25C10D748}.Debug|x64.Build.0 = Debug|x64
		{7C2F3842-E1FB-4688-9F2F-E4F25C10D748}.Debug|x86.ActiveCfg = Debug|Win32
		{7C2F3842-E1FB-4688-9F2F-E4F25C10D748}.Debug|x86.Build.0 = Debug|Win32
		{7C2F3842-E1FB-4688-9F2F-E4F25C10D748}.Release|x64.ActiveCfg = Release|x64
		{7C2F3842-E1FB-4688-9F2F-E4F25C10D748}.Release|x64.Build.0 = Release|x64
		{7C2F3842-E1FB-4688-9F2F-E4F25C10D748}.Release|x86.ActiveCfg = Release|Win32
		{7C2F3842-E1FB-4688-9F2F-E4F25C10D748}.Release|x86.Build.0 = Release|Win32
		{9BC92D14-A194-4E17-92B5-A9693AFAAE97}.Debug|x64.ActiveCfg = Debug|x64
		{9BC92D14-A194-4E17-92B5-A9693AFAAE97}.Debug|x64.Build.0 = Debug|x64
		{9BC92D14-A194-4E17-92B5-A9693AFAAE97}.Debug|x86.ActiveCfg = Debug|Win32
		{9BC92D14-A194-4E17-92B5-A9693AFAAE97}.Debug|x86.Build.0 = Debug|Win32
		{9BC92D14-A194-4E17-92B5-A9693AFAAE97}.Release|x64.ActiveCfg = Release|x64
		{9BC92D14-A194-4E17-92B5-A9693AFAAE97}.Release|x64.Build.0 = Release|x64
		{9BC92D14-A194-4E17-92B5-A9693AFAAE97}.Release|x86.ActiveCfg = Release|Win32
		{9BC92D14-A194-4E17-92B5-A9693AFAAE97}.Release|x86.Build.0 = Release|Win32
		{441F18F1-7002-410B-9A65-1AB20DEE4E20}.Debug|x64.ActiveCfg = Debug|x64
		{441F18F1-7002-410B-9A65-1AB20DEE4E20}.Debug|x64.Build.0 = Debug|x64
		{441F18F1-7002-410B-9A65-1AB20DEE4E20}.Debug|x86.ActiveCfg = Debug|Win32
		{441F18F1-7002-410B-9A65-1AB20DEE4E20}.Debug|x86.Build.0 = Debug|Win32
		{441F18F1-7002-410B-9A65-1AB20DEE4E20}.Release|x64.ActiveCfg = Release|x64
		{441F18F1-7002-410B-9A65-1AB20DEE4E20}.Release|x64.Build.0 = Release|x64
		{441F18F1-7002-410B-9A65-1AB20DEE4E20}.Release|x86.ActiveCfg = Release|Win32
		{441F18F1-7002-410B-9A65-1AB20DEE4E20}.Release|x86.Build.0 = Release|Win32
		{095E58AA-5586-470A-B190-752C16C46007}.Debug|x64.ActiveCfg = Debug|x64
		{095E58AA-5586-470A-B190-752C16C46007}.Debug|x64.Build.0 = Debug|x64
		{095E58AA-5586-470A-B190-752C16C46007}.Debug|x86.ActiveCfg = Debug|Win32
		{095E58AA-5586-470A-B190-752C16C46007}.Debug|x86.Build.0 = Debug|Win32
		{095E58AA-5586-470A-B190-752C16C46007}.Release|x64.ActiveCfg = Release|x64
		{095E58AA-5586-470A-B190-752C16C46007}.Release|x64.Build.0 = Release|x64
		{095E58AA-5586-470A-B190-752C16C46007}.Release|x86.ActiveCfg = Release|Win32
		{095E58AA-5586-470A-B190-752C16C46007}.Release|x86.Build.0 = Release|Win32
		{0E3F2DAD-B8DB-4B33-99BE-F4F90B4CBFC6}.Debug|x64.ActiveCfg = Debug|x64
		{0E3F2DAD-B8DB-4B33-99BE-F4F90B4CBFC6}.Debug|x64.Build.0 = Debug|x64
		{0E3F2DAD-B8DB-4B33-99BE-F4F90B4CBFC6}.Debug|x86.ActiveCfg = Debug|Win32
		{0E3F2DAD-B8DB-4B33-99BE-F4F90B4CBFC6}.Debug|x86.Build.0 = Debug|Win32
		{0E3F2DAD-B8DB-4B33-99BE-F4F90B4CBFC6}.Release|x64.ActiveCfg = Release|x64
		{0E3F2DAD-B8DB-4B33-99BE-F4F90B4CBFC6}.Release|x64.Build.0 = Release|x64
		{0E3F2DAD-B8DB-4B33-99BE-F4F90B4CBFC6}.Release|x86.ActiveCfg = Release|Win32
		{0E3F2DAD-B8DB-4B33-99BE-F4F90B4CBFC6}.Release|x86.Build.0 = Release|Win32
		{4327686E-ED9F-4AC7-87A3-74FFBAF9D498}.Debug|x64.ActiveCfg = Debug|x64
		{4327686E-ED9F-4AC7-87A3-74FFBAF9D498}.Debug|x64.Build.0 = Debug|x64
		{4327686E-ED9F-4AC7-87A3-74FFBAF9D498}.Debug|x86.ActiveCfg = Debug|Win32
		{4327686E-ED9F-4AC7-87A3-74FFBAF9D498}.Debug|x86.Build.0 = Debug|Win32
		{4327686E-ED9F-4AC7-87A3-74FFBAF9D498}.Release|x64.ActiveCfg = Release|x64
		{4327686E-ED9F-4AC7-87A3-74FFBAF9D498}.Release|x64.Build.0 = Release|x64
		{4327686E-ED9F-4AC7-87A3-74FFBAF9D498}.Release|x86.ActiveCfg = Release|Win32
		{4327686E-ED9F-4AC7-87A3-74FFBAF9D498}.Release|x86.Build.0 = Release|Win32
		{958B143E-E4A8-4A37-90CF-AAFD2183F486}.Debug|x64.ActiveCfg = Debug|x64
		{958B143E-E4A8-4A37-90CF-AAFD2183F486}.Debug|x64.Build.0 = Debug|x64
		{958B143E-E4A8-4A37-90CF-AAFD2183F486}.Debug|x86.ActiveCfg = Debug|Win32
		{958B143E-E4A8-4A37-90CF-AAFD2183F486}.Debug|x86.Build.0 = Debug|Win32
		{958B143E-E4A8-4A37-90CF-AAFD2183F486}.Release|x64.ActiveCfg = Release|x64
		{958B143E-E4A8-4A37-90CF-AAFD2183F486}.Release|x64.Build.0 = Release|x64
		{958B143E-E4A8-4A37-90CF-AAFD2183F486}.Release|x86.ActiveCfg = Release|Win32
		{958B143E-E4A8-4A37-90CF-AAFD2183F486}.Release|x86.Build.0 = Release|Win32
		{8FBAFA2F-9C83-49CA-8ED6-FE961B6A66C3}.Debug|x64.ActiveCfg = Debug|x64
		{8FBAFA2F-9C83-49CA-8ED6-FE961B6A66C3}.Debug|x64.Build.0 = Debug|x64
		{8FBAFA2F-9C83-49CA-8ED6-FE961B6A66C3}.Debug|x86.ActiveCfg = Debug|Win32
		{8FBAFA2F-9C83-49CA-8ED6-FE961B6A66C3}.Debug|x86.Build.0 = Debug|Win32
		{8FBAFA2F-9C83-49CA-8ED6-FE961B6A66C3}.Release|x64.ActiveCfg = Release|x64
		{8FBAFA2F-9C83-49CA-8ED6-FE961B6A66C3}.Release|x64.Build.0 = Release|x64
		{8FBAFA2F-9C83-49CA-8ED6-FE961B6A66C3}.Release|x86.ActiveCfg = Release|Win32
		{8FBAFA2F-9C83-49CA-8ED6-FE961B6A66C3}.Release|x86.Build.0 = Release|Win32
		{B022E9BE-5847-4C42-B577-176C5AA6D9F0}.Debug|x64.ActiveCfg = Debug|x64
		{B022E9BE-5847-4C42-B577-176C5AA6D9F0}.Debug|x64.Build.0 = Debug|x64
		{B022E9BE-5847-4C42-B577-176C5AA6D9F0}.Debug|x86.ActiveCfg = Debug|Win32
		{B022E9BE-5847-4C42-B577-176C5AA6D9F0}.Debug|x86.Build.0 = Debug|Win32
		{B022E9BE-5847-4C42-B577-176C5AA6D9F0}.Release|x64.ActiveCfg = Release|x64
		{B022E9BE-5847-4C42-B577-176C5AA6D9F0}.Release|x64.Build.0 = Release|x64
		{B022E9BE-5847-4C42-B577-176C5AA6D9F0}.Release|x86.ActiveCfg = Release|Win32
		{B022E9BE-5847-4C42-B577-176C5AA6D9F0}.Release|x86.Build.0 = Release|Win32
		{28957290-5DFC-4742-BA4E-675C14D475CC}.Debug|x64.ActiveCfg = Debug|x64
		{28957290-5DFC-4742-BA4E-675C14D475CC}.Debug|x64.Build.0 = Debug|x64
		{28957290-5DFC-4742-BA4E-675C14D475CC}.Debug|x86.ActiveCfg = Debug|Win32
		{28957290-5DFC-4742-BA4E-675C14D475CC}.Debug|x86.Build.0 = Debug|Win32
		{28957290-5DFC-4742-BA4E-675C14D475CC}.Release|x64.ActiveCfg = Release|x64
		{28957290-5DFC-4742-BA4E-675C14D475CC}.Release|x64.Build.0 = Release|x64
		{28957290-5DFC-4742-BA4E-675C14D475CC}.Release|x86.ActiveCfg = Release|Win32
		{28957290-5DFC-4742-BA4E-675C14D475CC}.Release|x86.Build.0 = Release|Win32
		{ADD82584-A339-443A-B283-B2D4F1C45DA2}.Debug|x64.ActiveCfg = Debug|x64
		{ADD82584-A339-443A-B283-B2D4F1C45DA2}.Debug|x64.Build.0 = Debug|x64
		{ADD82584-A339-443A-B283-B2D4F1C45DA2}.Debug|x86.ActiveCfg = Debug|Win32
		{ADD82584-A339-443A-B283-B2D4F1C45DA2}.Debug|x86.Build.0 = Debug|Win32
		{ADD82584-A339-443A-B283-B2D4F1C45DA2}.Release|x64.ActiveCfg = Release|x64
		{ADD82584-A339-443A-B283-B2D4F1C45DA2}.Release|x64.Build.0 = Release|x64
		{ADD82584-A339-443A-B283-B2D4F1C45DA2}.Release|x86.ActiveCfg = Release|Win32
		{ADD82584-A339-443A-B283-B2D4F1C45DA2}.Release|x86.Build.0 = Release|Win32
		{A8D0A15C-1A8B-42C7-BDAC-111619091B79}.Debug|x64.ActiveCfg = Debug|x64
		{A8D0A15C-1A8B-42C7-BDAC-111619091B79}.Debug|x64.Build.0 = Debug|x64
		{A8D0A15C-1A8B-42C7-BDAC-111619091B79}.Debug|x86.ActiveCfg = Debug|Win32
		{A8D0A15C-1A8B-42C7-BDAC-111619091B79}.Debug|x86.Build.0 = Debug|Win32
		{A8D0A15C-1A8B-42C7-BDAC-111619091B79}.Release|x64.ActiveCfg = Release|x64
		{A8D0A15C-1A8B-42C7-BDAC-111619091B79}.Release|x64.Build.0 = Release|x64
		{A8D0A15C-1A8B-42C7-BDAC-111619091B79}.Release|x86.ActiveCfg = Release|Win32
		{A8D0A15C-1A8B-42C7-BDAC-111619091B79}.Release|x86.Build.0 = Release|Win32
		{7D3130E6-575E-4BBF-B2E4-0173AE4FD4E4}.Debug|x64.ActiveCfg = Debug|x64
		{7D3130E6-575E-4BBF-B2E4-0173AE4FD4E4}.Debug|x64.Build.0 = Debug|x64
		{7D3130E6-575E-4BBF-B2E4-0173AE4FD4E4}.Debug|x86.ActiveCfg = Debug|Win32
		{7D3130E6-575E-4BBF-B2E4-0173AE4FD4E4}.Debug|x86.Build.0 = Debug|Win32
		{7D3130E6-575E-4BBF-B2E4-0173AE4FD4E4}.Release|x64.ActiveCfg = Release|x64
		{7D3130E6-575E-4BBF-B2E4-0173AE4FD4E4}.Release|x64.Build.0 = Release|x64
		{7D3130E6-575E-4BBF-B2E4-0173AE4FD4E4}.Release|x86.ActiveCfg = Release|Win32
		{7D3130E6-575E-4BBF-B2E4-0173AE4FD4E4}.Release|x86.Build.0 = Release|Win32
	EndGlobalSection
	GlobalSection(SolutionProperties) = preSolution
		HideSolutionNode = FALSE
	EndGlobalSection
	GlobalSection(ExtensibilityGlobals) = postSolution
		SolutionGuid = {D81D4F7C-43A1-457A-B54A-8DEEE41D0C75}
	EndGlobalSection
EndGlobal
