<?xml version="1.0" encoding="utf-8"?>
<Project ToolsVersion="4.0" xmlns="http://schemas.microsoft.com/developer/msbuild/2003">
  <ItemGroup>
    <Filter Include="Ressourcendateien">
      <UniqueIdentifier>{67DA6AB6-F800-4c08-8B7A-83BB121AAD01}</UniqueIdentifier>
      <Extensions>rc;ico;cur;bmp;dlg;rc2;rct;bin;rgs;gif;jpg;jpeg;jpe;resx;tiff;tif;png;wav;mfcribbon-ms</Extensions>
    </Filter>
    <Filter Include="libgtkutil">
      <UniqueIdentifier>{340c068c-e934-428c-90bd-deb89bc8ee3a}</UniqueIdentifier>
    </Filter>
    <Filter Include="debugging">
      <UniqueIdentifier>{a2e9d68c-5185-4024-9df4-2a8f9c96ee19}</UniqueIdentifier>
    </Filter>
    <Filter Include="libs">
      <UniqueIdentifier>{dcdefc12-a476-43b3-bae6-75ab46e4a92b}</UniqueIdentifier>
    </Filter>
    <Filter Include="gtkutil">
      <UniqueIdentifier>{601dac04-9b89-4e70-9474-7a6ee2760296}</UniqueIdentifier>
    </Filter>
    <Filter Include="cmdlib">
      <UniqueIdentifier>{b3f11e83-5877-451b-95c0-285b113eb10f}</UniqueIdentifier>
    </Filter>
    <Filter Include="profile">
      <UniqueIdentifier>{f8c60ef9-f71a-4a4c-9db6-8ef8d2035b0a}</UniqueIdentifier>
    </Filter>
    <Filter Include="xml">
      <UniqueIdentifier>{f7632d94-3864-4beb-a80b-a25cb2782bc8}</UniqueIdentifier>
    </Filter>
  </ItemGroup>
  <ItemGroup>
    <ClInclude Include="..\radiant\autosave.h" />
    <ClInclude Include="..\radiant\brush.h" />
    <ClInclude Include="..\radiant\brush_primit.h" />
    <ClInclude Include="..\radiant\brushmanip.h" />
    <ClInclude Include="..\radiant\brushmodule.h" />
    <ClInclude Include="..\radiant\brushnode.h" />
    <ClInclude Include="..\radiant\brushtokens.h" />
    <ClInclude Include="..\radiant\brushxml.h" />
    <ClInclude Include="..\radiant\build.h" />
    <ClInclude Include="..\radiant\camwindow.h" />
    <ClInclude Include="..\radiant\clippertool.h" />
    <ClInclude Include="..\radiant\commands.h" />
    <ClInclude Include="..\radiant\console.h" />
    <ClInclude Include="..\radiant\csg.h" />
    <ClInclude Include="..\radiant\dialog.h" />
    <ClInclude Include="..\radiant\eclass.h" />
    <ClInclude Include="..\radiant\eclass_def.h" />
    <ClInclude Include="..\radiant\eclass_doom3.h" />
    <ClInclude Include="..\radiant\eclass_fgd.h" />
    <ClInclude Include="..\radiant\eclass_xml.h" />
    <ClInclude Include="..\radiant\entity.h" />
    <ClInclude Include="..\radiant\entityinspector.h" />
    <ClInclude Include="..\radiant\entitylist.h" />
    <ClInclude Include="..\radiant\environment.h" />
    <ClInclude Include="..\radiant\error.h" />
    <ClInclude Include="..\radiant\feedback.h" />
    <ClInclude Include="..\radiant\filetypes.h" />
    <ClInclude Include="..\radiant\filterbar.h" />
    <ClInclude Include="..\radiant\filters.h" />
    <ClInclude Include="..\radiant\findtexturedialog.h" />
    <ClInclude Include="..\radiant\glwidget.h" />
    <ClInclude Include="..\radiant\grid.h" />
    <ClInclude Include="..\radiant\groupdialog.h" />
    <ClInclude Include="..\radiant\gtkdlgs.h" />
    <ClInclude Include="..\radiant\gtkmisc.h" />
    <ClInclude Include="..\radiant\gtktheme.h" />
    <ClInclude Include="..\radiant\help.h" />
    <ClInclude Include="..\radiant\image.h" />
    <ClInclude Include="..\radiant\main.h" />
    <ClInclude Include="..\radiant\mainframe.h" />
    <ClInclude Include="..\radiant\map.h" />
    <ClInclude Include="..\radiant\mru.h" />
    <ClInclude Include="..\radiant\multimon.h" />
    <ClInclude Include="..\radiant\nullmodel.h" />
    <ClInclude Include="..\radiant\parse.h" />
    <ClInclude Include="..\radiant\patch.h" />
    <ClInclude Include="..\radiant\patchdialog.h" />
    <ClInclude Include="..\radiant\patchmanip.h" />
    <ClInclude Include="..\radiant\patchmodule.h" />
    <ClInclude Include="..\radiant\plugin.h" />
    <ClInclude Include="..\radiant\pluginapi.h" />
    <ClInclude Include="..\radiant\pluginmanager.h" />
    <ClInclude Include="..\radiant\pluginmenu.h" />
    <ClInclude Include="..\radiant\plugintoolbar.h" />
    <ClInclude Include="..\radiant\points.h" />
    <ClInclude Include="..\radiant\preferencedictionary.h" />
    <ClInclude Include="..\radiant\preferences.h" />
    <ClInclude Include="..\radiant\qe3.h" />
    <ClInclude Include="..\radiant\qgl.h" />
    <ClInclude Include="..\radiant\referencecache.h" />
    <ClInclude Include="..\radiant\renderer.h" />
    <ClInclude Include="..\radiant\renderstate.h" />
    <ClInclude Include="..\radiant\resource.h" />
    <ClInclude Include="..\radiant\scenegraph.h" />
    <ClInclude Include="..\radiant\select.h" />
    <ClInclude Include="..\radiant\selection.h" />
    <ClInclude Include="..\radiant\server.h" />
    <ClInclude Include="..\radiant\shaders.h" />
    <ClInclude Include="..\radiant\sockets.h" />
    <ClInclude Include="..\radiant\stacktrace.h" />
    <ClInclude Include="..\radiant\surfacedialog.h" />
    <ClInclude Include="..\radiant\texmanip.h" />
    <ClInclude Include="..\radiant\textureentry.h" />
    <ClInclude Include="..\radiant\textures.h" />
    <ClInclude Include="..\radiant\texwindow.h" />
    <ClInclude Include="..\radiant\timer.h" />
    <ClInclude Include="..\radiant\treemodel.h" />
    <ClInclude Include="..\radiant\undo.h" />
    <ClInclude Include="..\radiant\url.h" />
    <ClInclude Include="..\radiant\view.h" />
    <ClInclude Include="..\radiant\watchbsp.h" />
    <ClInclude Include="..\radiant\winding.h" />
    <ClInclude Include="..\radiant\windowobservers.h" />
    <ClInclude Include="..\radiant\xmlstuff.h" />
    <ClInclude Include="..\radiant\xywindow.h" />
    <ClInclude Include="..\libs\gtkutil\accelerator.h">
      <Filter>libgtkutil</Filter>
    </ClInclude>
    <ClInclude Include="..\libs\gtkutil\button.h">
      <Filter>libgtkutil</Filter>
    </ClInclude>
    <ClInclude Include="..\libs\gtkutil\clipboard.h">
      <Filter>libgtkutil</Filter>
    </ClInclude>
    <ClInclude Include="..\libs\gtkutil\closure.h">
      <Filter>libgtkutil</Filter>
    </ClInclude>
    <ClInclude Include="..\libs\gtkutil\container.h">
      <Filter>libgtkutil</Filter>
    </ClInclude>
    <ClInclude Include="..\libs\gtkutil\cursor.h">
      <Filter>libgtkutil</Filter>
    </ClInclude>
    <ClInclude Include="..\libs\gtkutil\dialog.h">
      <Filter>libgtkutil</Filter>
    </ClInclude>
    <ClInclude Include="..\libs\gtkutil\entry.h">
      <Filter>libgtkutil</Filter>
    </ClInclude>
    <ClInclude Include="..\libs\gtkutil\filechooser.h">
      <Filter>libgtkutil</Filter>
    </ClInclude>
    <ClInclude Include="..\libs\gtkutil\frame.h">
      <Filter>libgtkutil</Filter>
    </ClInclude>
    <ClInclude Include="..\libs\gtkutil\glfont.h">
      <Filter>libgtkutil</Filter>
    </ClInclude>
    <ClInclude Include="..\libs\gtkutil\glwidget.h">
      <Filter>libgtkutil</Filter>
    </ClInclude>
    <ClInclude Include="..\libs\gtkutil\idledraw.h">
      <Filter>libgtkutil</Filter>
    </ClInclude>
    <ClInclude Include="..\libs\gtkutil\image.h">
      <Filter>libgtkutil</Filter>
    </ClInclude>
    <ClInclude Include="..\libs\gtkutil\menu.h">
      <Filter>libgtkutil</Filter>
    </ClInclude>
    <ClInclude Include="..\libs\gtkutil\messagebox.h">
      <Filter>libgtkutil</Filter>
    </ClInclude>
    <ClInclude Include="..\libs\gtkutil\nonmodal.h">
      <Filter>libgtkutil</Filter>
    </ClInclude>
    <ClInclude Include="..\libs\gtkutil\paned.h">
      <Filter>libgtkutil</Filter>
    </ClInclude>
    <ClInclude Include="..\libs\gtkutil\pointer.h">
      <Filter>libgtkutil</Filter>
    </ClInclude>
    <ClInclude Include="..\libs\gtkutil\toolbar.h">
      <Filter>libgtkutil</Filter>
    </ClInclude>
    <ClInclude Include="..\libs\gtkutil\widget.h">
      <Filter>libgtkutil</Filter>
    </ClInclude>
    <ClInclude Include="..\libs\gtkutil\window.h">
      <Filter>libgtkutil</Filter>
    </ClInclude>
    <ClInclude Include="..\libs\gtkutil\xorrectangle.h">
      <Filter>libgtkutil</Filter>
    </ClInclude>
    <ClInclude Include="..\libs\debugging\debugging.h">
      <Filter>debugging</Filter>
    </ClInclude>
    <ClInclude Include="..\libs\archivelib.h">
      <Filter>libs</Filter>
    </ClInclude>
    <ClInclude Include="..\libs\bytebool.h">
      <Filter>libs</Filter>
    </ClInclude>
    <ClInclude Include="..\libs\bytestreamutils.h">
      <Filter>libs</Filter>
    </ClInclude>
    <ClInclude Include="..\libs\character.h">
      <Filter>libs</Filter>
    </ClInclude>
    <ClInclude Include="..\libs\cmdlib.h">
      <Filter>libs</Filter>
    </ClInclude>
    <ClInclude Include="..\libs\convert.h">
      <Filter>libs</Filter>
    </ClInclude>
    <ClInclude Include="..\libs\ddslib.h">
      <Filter>libs</Filter>
    </ClInclude>
    <ClInclude Include="..\libs\dragplanes.h">
      <Filter>libs</Filter>
    </ClInclude>
    <ClInclude Include="..\libs\eclasslib.h">
      <Filter>libs</Filter>
    </ClInclude>
    <ClInclude Include="..\libs\entitylib.h">
      <Filter>libs</Filter>
    </ClInclude>
    <ClInclude Include="..\libs\entityxml.h">
      <Filter>libs</Filter>
    </ClInclude>
    <ClInclude Include="..\libs\filematch.h">
      <Filter>libs</Filter>
    </ClInclude>
    <ClInclude Include="..\libs\fs_filesystem.h">
      <Filter>libs</Filter>
    </ClInclude>
    <ClInclude Include="..\libs\fs_path.h">
      <Filter>libs</Filter>
    </ClInclude>
    <ClInclude Include="..\libs\imagelib.h">
      <Filter>libs</Filter>
    </ClInclude>
    <ClInclude Include="..\libs\instancelib.h">
      <Filter>libs</Filter>
    </ClInclude>
    <ClInclude Include="..\libs\maplib.h">
      <Filter>libs</Filter>
    </ClInclude>
    <ClInclude Include="..\libs\mathlib.h">
      <Filter>libs</Filter>
    </ClInclude>
    <ClInclude Include="..\libs\md5lib.h">
      <Filter>libs</Filter>
    </ClInclude>
    <ClInclude Include="..\libs\moduleobservers.h">
      <Filter>libs</Filter>
    </ClInclude>
    <ClInclude Include="..\libs\picomodel.h">
      <Filter>libs</Filter>
    </ClInclude>
    <ClInclude Include="..\libs\pivot.h">
      <Filter>libs</Filter>
    </ClInclude>
    <ClInclude Include="..\libs\rect_t.h">
      <Filter>libs</Filter>
    </ClInclude>
    <ClInclude Include="..\libs\render.h">
      <Filter>libs</Filter>
    </ClInclude>
    <ClInclude Include="..\libs\scenelib.h">
      <Filter>libs</Filter>
    </ClInclude>
    <ClInclude Include="..\libs\selectionlib.h">
      <Filter>libs</Filter>
    </ClInclude>
    <ClInclude Include="..\libs\shaderlib.h">
      <Filter>libs</Filter>
    </ClInclude>
    <ClInclude Include="..\libs\str.h">
      <Filter>libs</Filter>
    </ClInclude>
    <ClInclude Include="..\libs\stringio.h">
      <Filter>libs</Filter>
    </ClInclude>
    <ClInclude Include="..\libs\texturelib.h">
      <Filter>libs</Filter>
    </ClInclude>
    <ClInclude Include="..\libs\transformlib.h">
      <Filter>libs</Filter>
    </ClInclude>
    <ClInclude Include="..\libs\traverselib.h">
      <Filter>libs</Filter>
    </ClInclude>
    <ClInclude Include="..\libs\typesystem.h">
      <Filter>libs</Filter>
    </ClInclude>
    <ClInclude Include="..\libs\undolib.h">
      <Filter>libs</Filter>
    </ClInclude>
    <ClInclude Include="..\libs\uniquenames.h">
      <Filter>libs</Filter>
    </ClInclude>
    <ClInclude Include="..\libs\versionlib.h">
      <Filter>libs</Filter>
    </ClInclude>
    <ClInclude Include="..\libs\profile\file.h">
      <Filter>profile</Filter>
    </ClInclude>
    <ClInclude Include="..\libs\profile\profile.h">
      <Filter>profile</Filter>
    </ClInclude>
    <ClInclude Include="..\libs\xml\ixml.h">
      <Filter>xml</Filter>
    </ClInclude>
    <ClInclude Include="..\libs\xml\xmlelement.h">
      <Filter>xml</Filter>
    </ClInclude>
    <ClInclude Include="..\libs\xml\xmlparser.h">
      <Filter>xml</Filter>
    </ClInclude>
    <ClInclude Include="..\libs\xml\xmltextags.h">
      <Filter>xml</Filter>
    </ClInclude>
    <ClInclude Include="..\libs\xml\xmlwriter.h">
      <Filter>xml</Filter>
    </ClInclude>
  </ItemGroup>
  <ItemGroup>
    <ClCompile Include="..\radiant\autosave.cpp" />
    <ClCompile Include="..\radiant\brush.cpp" />
    <ClCompile Include="..\radiant\brush_primit.cpp" />
    <ClCompile Include="..\radiant\brushmanip.cpp" />
    <ClCompile Include="..\radiant\brushmodule.cpp" />
    <ClCompile Include="..\radiant\brushnode.cpp" />
    <ClCompile Include="..\radiant\brushtokens.cpp" />
    <ClCompile Include="..\radiant\brushxml.cpp" />
    <ClCompile Include="..\radiant\build.cpp" />
    <ClCompile Include="..\radiant\camwindow.cpp" />
    <ClCompile Include="..\radiant\clippertool.cpp" />
    <ClCompile Include="..\radiant\commands.cpp" />
    <ClCompile Include="..\radiant\console.cpp" />
    <ClCompile Include="..\radiant\csg.cpp" />
    <ClCompile Include="..\radiant\dialog.cpp" />
    <ClCompile Include="..\radiant\eclass.cpp" />
    <ClCompile Include="..\radiant\eclass_def.cpp" />
    <ClCompile Include="..\radiant\eclass_doom3.cpp" />
    <ClCompile Include="..\radiant\eclass_fgd.cpp" />
    <ClCompile Include="..\radiant\eclass_xml.cpp" />
    <ClCompile Include="..\radiant\entity.cpp" />
    <ClCompile Include="..\radiant\entityinspector.cpp" />
    <ClCompile Include="..\radiant\entitylist.cpp" />
    <ClCompile Include="..\radiant\environment.cpp" />
    <ClCompile Include="..\radiant\error.cpp" />
    <ClCompile Include="..\radiant\feedback.cpp" />
    <ClCompile Include="..\radiant\filetypes.cpp" />
    <ClCompile Include="..\radiant\filterbar.cpp" />
    <ClCompile Include="..\radiant\filters.cpp" />
    <ClCompile Include="..\radiant\findtexturedialog.cpp" />
    <ClCompile Include="..\radiant\glwidget.cpp" />
    <ClCompile Include="..\radiant\grid.cpp" />
    <ClCompile Include="..\radiant\groupdialog.cpp" />
    <ClCompile Include="..\radiant\gtkdlgs.cpp" />
    <ClCompile Include="..\radiant\gtkmisc.cpp" />
    <ClCompile Include="..\radiant\gtktheme.cpp" />
    <ClCompile Include="..\radiant\help.cpp" />
    <ClCompile Include="..\radiant\image.cpp" />
    <ClCompile Include="..\radiant\main.cpp" />
    <ClCompile Include="..\radiant\mainframe.cpp" />
    <ClCompile Include="..\radiant\map.cpp" />
    <ClCompile Include="..\radiant\mru.cpp" />
    <ClCompile Include="..\radiant\multimon.cpp" />
    <ClCompile Include="..\radiant\nullmodel.cpp" />
    <ClCompile Include="..\radiant\parse.cpp" />
    <ClCompile Include="..\radiant\patch.cpp" />
    <ClCompile Include="..\radiant\patchdialog.cpp" />
    <ClCompile Include="..\radiant\patchmanip.cpp" />
    <ClCompile Include="..\radiant\patchmodule.cpp" />
    <ClCompile Include="..\radiant\plugin.cpp" />
    <ClCompile Include="..\radiant\pluginapi.cpp" />
    <ClCompile Include="..\radiant\pluginmanager.cpp" />
    <ClCompile Include="..\radiant\pluginmenu.cpp" />
    <ClCompile Include="..\radiant\plugintoolbar.cpp" />
    <ClCompile Include="..\radiant\points.cpp" />
    <ClCompile Include="..\radiant\preferencedictionary.cpp" />
    <ClCompile Include="..\radiant\preferences.cpp" />
    <ClCompile Include="..\radiant\qe3.cpp" />
    <ClCompile Include="..\radiant\qgl.cpp" />
    <ClCompile Include="..\radiant\referencecache.cpp" />
    <ClCompile Include="..\radiant\renderer.cpp" />
    <ClCompile Include="..\radiant\renderstate.cpp" />
    <ClCompile Include="..\radiant\scenegraph.cpp" />
    <ClCompile Include="..\radiant\select.cpp" />
    <ClCompile Include="..\radiant\selection.cpp" />
    <ClCompile Include="..\radiant\server.cpp" />
    <ClCompile Include="..\radiant\shaders.cpp" />
    <ClCompile Include="..\radiant\sockets.cpp" />
    <ClCompile Include="..\radiant\stacktrace.cpp" />
    <ClCompile Include="..\radiant\surfacedialog.cpp" />
    <ClCompile Include="..\radiant\texmanip.cpp" />
    <ClCompile Include="..\radiant\textureentry.cpp" />
    <ClCompile Include="..\radiant\textures.cpp" />
    <ClCompile Include="..\radiant\texwindow.cpp" />
    <ClCompile Include="..\radiant\timer.cpp" />
    <ClCompile Include="..\radiant\treemodel.cpp" />
    <ClCompile Include="..\radiant\undo.cpp" />
    <ClCompile Include="..\radiant\url.cpp" />
    <ClCompile Include="..\radiant\view.cpp" />
    <ClCompile Include="..\radiant\watchbsp.cpp" />
    <ClCompile Include="..\radiant\winding.cpp" />
    <ClCompile Include="..\radiant\windowobservers.cpp" />
    <ClCompile Include="..\radiant\xmlstuff.cpp" />
    <ClCompile Include="..\radiant\xywindow.cpp" />
    <ClCompile Include="..\libs\gtkutil\accelerator.cpp">
      <Filter>libgtkutil</Filter>
    </ClCompile>
    <ClCompile Include="..\libs\gtkutil\button.cpp">
      <Filter>libgtkutil</Filter>
    </ClCompile>
    <ClCompile Include="..\libs\gtkutil\clipboard.cpp">
      <Filter>libgtkutil</Filter>
    </ClCompile>
    <ClCompile Include="..\libs\gtkutil\closure.cpp">
      <Filter>libgtkutil</Filter>
    </ClCompile>
    <ClCompile Include="..\libs\gtkutil\container.cpp">
      <Filter>libgtkutil</Filter>
    </ClCompile>
    <ClCompile Include="..\libs\gtkutil\cursor.cpp">
      <Filter>libgtkutil</Filter>
    </ClCompile>
    <ClCompile Include="..\libs\gtkutil\dialog.cpp">
      <Filter>libgtkutil</Filter>
    </ClCompile>
    <ClCompile Include="..\libs\gtkutil\entry.cpp">
      <Filter>libgtkutil</Filter>
    </ClCompile>
    <ClCompile Include="..\libs\gtkutil\filechooser.cpp">
      <Filter>libgtkutil</Filter>
    </ClCompile>
    <ClCompile Include="..\libs\gtkutil\frame.cpp">
      <Filter>libgtkutil</Filter>
    </ClCompile>
    <ClCompile Include="..\libs\gtkutil\glfont.cpp">
      <Filter>libgtkutil</Filter>
    </ClCompile>
    <ClCompile Include="..\libs\gtkutil\glwidget.cpp">
      <Filter>libgtkutil</Filter>
    </ClCompile>
    <ClCompile Include="..\libs\gtkutil\idledraw.cpp">
      <Filter>libgtkutil</Filter>
    </ClCompile>
    <ClCompile Include="..\libs\gtkutil\image.cpp">
      <Filter>libgtkutil</Filter>
    </ClCompile>
    <ClCompile Include="..\libs\gtkutil\menu.cpp">
      <Filter>libgtkutil</Filter>
    </ClCompile>
    <ClCompile Include="..\libs\gtkutil\messagebox.cpp">
      <Filter>libgtkutil</Filter>
    </ClCompile>
    <ClCompile Include="..\libs\gtkutil\nonmodal.cpp">
      <Filter>libgtkutil</Filter>
    </ClCompile>
    <ClCompile Include="..\libs\gtkutil\paned.cpp">
      <Filter>libgtkutil</Filter>
    </ClCompile>
    <ClCompile Include="..\libs\gtkutil\pointer.cpp">
      <Filter>libgtkutil</Filter>
    </ClCompile>
    <ClCompile Include="..\libs\gtkutil\toolbar.cpp">
      <Filter>libgtkutil</Filter>
    </ClCompile>
    <ClCompile Include="..\libs\gtkutil\widget.cpp">
      <Filter>libgtkutil</Filter>
    </ClCompile>
    <ClCompile Include="..\libs\gtkutil\window.cpp">
      <Filter>libgtkutil</Filter>
    </ClCompile>
    <ClCompile Include="..\libs\gtkutil\xorrectangle.cpp">
      <Filter>libgtkutil</Filter>
    </ClCompile>
    <ClCompile Include="..\libs\debugging\debugging.cpp">
      <Filter>debugging</Filter>
    </ClCompile>
    <ClCompile Include="..\libs\filematch.c">
      <Filter>libs</Filter>
    </ClCompile>
    <ClCompile Include="..\libs\archivelib.cpp">
      <Filter>libs</Filter>
    </ClCompile>
    <ClCompile Include="..\libs\bytebool.cpp">
      <Filter>libs</Filter>
    </ClCompile>
    <ClCompile Include="..\libs\bytestreamutils.cpp">
      <Filter>libs</Filter>
    </ClCompile>
    <ClCompile Include="..\libs\character.cpp">
      <Filter>libs</Filter>
    </ClCompile>
    <ClCompile Include="..\libs\convert.cpp">
      <Filter>libs</Filter>
    </ClCompile>
    <ClCompile Include="..\libs\dragplanes.cpp">
      <Filter>libs</Filter>
    </ClCompile>
    <ClCompile Include="..\libs\eclasslib.cpp">
      <Filter>libs</Filter>
    </ClCompile>
    <ClCompile Include="..\libs\entitylib.cpp">
      <Filter>libs</Filter>
    </ClCompile>
    <ClCompile Include="..\libs\entityxml.cpp">
      <Filter>libs</Filter>
    </ClCompile>
    <ClCompile Include="..\libs\fs_filesystem.cpp">
      <Filter>libs</Filter>
    </ClCompile>
    <ClCompile Include="..\libs\fs_path.cpp">
      <Filter>libs</Filter>
    </ClCompile>
    <ClCompile Include="..\libs\imagelib.cpp">
      <Filter>libs</Filter>
    </ClCompile>
    <ClCompile Include="..\libs\instancelib.cpp">
      <Filter>libs</Filter>
    </ClCompile>
    <ClCompile Include="..\libs\maplib.cpp">
      <Filter>libs</Filter>
    </ClCompile>
    <ClCompile Include="..\libs\moduleobservers.cpp">
      <Filter>libs</Filter>
    </ClCompile>
    <ClCompile Include="..\libs\pivot.cpp">
      <Filter>libs</Filter>
    </ClCompile>
    <ClCompile Include="..\libs\rect_t.cpp">
      <Filter>libs</Filter>
    </ClCompile>
    <ClCompile Include="..\libs\render.cpp">
      <Filter>libs</Filter>
    </ClCompile>
    <ClCompile Include="..\libs\scenelib.cpp">
      <Filter>libs</Filter>
    </ClCompile>
    <ClCompile Include="..\libs\selectionlib.cpp">
      <Filter>libs</Filter>
    </ClCompile>
    <ClCompile Include="..\libs\shaderlib.cpp">
      <Filter>libs</Filter>
    </ClCompile>
    <ClCompile Include="..\libs\str.cpp">
      <Filter>libs</Filter>
    </ClCompile>
    <ClCompile Include="..\libs\stringio.cpp">
      <Filter>libs</Filter>
    </ClCompile>
    <ClCompile Include="..\libs\texturelib.cpp">
      <Filter>libs</Filter>
    </ClCompile>
    <ClCompile Include="..\libs\transformlib.cpp">
      <Filter>libs</Filter>
    </ClCompile>
    <ClCompile Include="..\libs\traverselib.cpp">
      <Filter>libs</Filter>
    </ClCompile>
    <ClCompile Include="..\libs\typesystem.cpp">
      <Filter>libs</Filter>
    </ClCompile>
    <ClCompile Include="..\libs\undolib.cpp">
      <Filter>libs</Filter>
    </ClCompile>
    <ClCompile Include="..\libs\uniquenames.cpp">
      <Filter>libs</Filter>
    </ClCompile>
    <ClCompile Include="..\libs\versionlib.cpp">
      <Filter>libs</Filter>
    </ClCompile>
    <ClCompile Include="..\libs\cmdlib\cmdlib.cpp">
      <Filter>cmdlib</Filter>
    </ClCompile>
    <ClCompile Include="..\libs\profile\file.cpp">
      <Filter>profile</Filter>
    </ClCompile>
    <ClCompile Include="..\libs\profile\profile.cpp">
      <Filter>profile</Filter>
    </ClCompile>
    <ClCompile Include="..\libs\xml\xmlwriter.cpp">
      <Filter>xml</Filter>
    </ClCompile>
    <ClCompile Include="..\libs\xml\ixml.cpp">
      <Filter>xml</Filter>
    </ClCompile>
    <ClCompile Include="..\libs\xml\xmlelement.cpp">
      <Filter>xml</Filter>
    </ClCompile>
    <ClCompile Include="..\libs\xml\xmlparser.cpp">
      <Filter>xml</Filter>
    </ClCompile>
    <ClCompile Include="..\libs\xml\xmltextags.cpp">
      <Filter>xml</Filter>
    </ClCompile>
  </ItemGroup>
</Project>